
Microsoft Visual Studio Solution File, Format Version 12.00
# Visual Studio Version 17
VisualStudioVersion = 17.5.002.0
MinimumVisualStudioVersion = 10.0.40219.1
Project("{9A19103F-16F7-4668-BE54-9A1E7A4F7556}") = "TikTakToe", "TikTakToe.csproj", "{F18E54E2-CE56-4A9E-BB20-C790F4E150C9}"
EndProject
Global
	GlobalSection(SolutionConfigurationPlatforms) = preSolution
		Debug|Any CPU = Debug|Any CPU
		Release|Any CPU = Release|Any CPU
	EndGlobalSection
	GlobalSection(ProjectConfigurationPlatforms) = postSolution
		{F18E54E2-CE56-4A9E-BB20-C790F4E150C9}.Debug|Any CPU.ActiveCfg = Debug|Any CPU
		{F18E54E2-CE56-4A9E-BB20-C790F4E150C9}.Debug|Any CPU.Build.0 = Debug|Any CPU
		{F18E54E2-CE56-4A9E-BB20-C790F4E150C9}.Release|Any CPU.ActiveCfg = Release|Any CPU
		{F18E54E2-CE56-4A9E-BB20-C790F4E150C9}.Release|Any CPU.Build.0 = Release|Any CPU
	EndGlobalSection
	GlobalSection(SolutionProperties) = preSolution
		HideSolutionNode = FALSE
	EndGlobalSection
	GlobalSection(ExtensibilityGlobals) = postSolution
		SolutionGuid = {F5DBF743-C920-4946-BC18-41AE707061BF}
	EndGlobalSection
EndGlobal
